
Microsoft Visual Studio Solution File, Format Version 11.00
# Visual Studio 2010
Project("{FAE04EC0-301F-11D3-BF4B-00C04F79EFBC}") = "Assembly-CSharp", "Assembly-CSharp.csproj", "{9BCEA641-526C-9B3E-91C1-6253341FD442}"
EndProject
Project("{FAE04EC0-301F-11D3-BF4B-00C04F79EFBC}") = "Assembly-CSharp-Editor", "Assembly-CSharp-Editor.csproj", "{1C56159F-D391-37BD-1AE6-F30FC62BAD90}"
EndProject
Global
	GlobalSection(SolutionConfigurationPlatforms) = preSolution
		Debug|Any CPU = Debug|Any CPU
		Release|Any CPU = Release|Any CPU
	EndGlobalSection
	GlobalSection(ProjectConfigurationPlatforms) = postSolution
		{9BCEA641-526C-9B3E-91C1-6253341FD442}.Debug|Any CPU.ActiveCfg = Debug|Any CPU
		{9BCEA641-526C-9B3E-91C1-6253341FD442}.Debug|Any CPU.Build.0 = Debug|Any CPU
		{9BCEA641-526C-9B3E-91C1-6253341FD442}.Release|Any CPU.ActiveCfg = Release|Any CPU
		{9BCEA641-526C-9B3E-91C1-6253341FD442}.Release|Any CPU.Build.0 = Release|Any CPU
		{1C56159F-D391-37BD-1AE6-F30FC62BAD90}.Debug|Any CPU.ActiveCfg = Debug|Any CPU
		{1C56159F-D391-37BD-1AE6-F30FC62BAD90}.Debug|Any CPU.Build.0 = Debug|Any CPU
		{1C56159F-D391-37BD-1AE6-F30FC62BAD90}.Release|Any CPU.ActiveCfg = Release|Any CPU
		{1C56159F-D391-37BD-1AE6-F30FC62BAD90}.Release|Any CPU.Build.0 = Release|Any CPU
	EndGlobalSection
	GlobalSection(SolutionProperties) = preSolution
		HideSolutionNode = FALSE
	EndGlobalSection
EndGlobal
